
Microsoft Visual Studio Solution File, Format Version 12.00
# Visual Studio Version 16
VisualStudioVersion = 16.0.32106.194
MinimumVisualStudioVersion = 10.0.40219.1
Project("{FAE04EC0-301F-11D3-BF4B-00C04F79EFBC}") = "pickban", "pickban\pickban.csproj", "{57113453-C1FE-44D9-ACBD-B9079C9D333A}"
EndProject
Global
	GlobalSection(SolutionConfigurationPlatforms) = preSolution
		Debug|Any CPU = Debug|Any CPU
		Release|Any CPU = Release|Any CPU
	EndGlobalSection
	GlobalSection(ProjectConfigurationPlatforms) = postSolution
		{57113453-C1FE-44D9-ACBD-B9079C9D333A}.Debug|Any CPU.ActiveCfg = Debug|Any CPU
		{57113453-C1FE-44D9-ACBD-B9079C9D333A}.Debug|Any CPU.Build.0 = Debug|Any CPU
		{57113453-C1FE-44D9-ACBD-B9079C9D333A}.Release|Any CPU.ActiveCfg = Release|Any CPU
		{57113453-C1FE-44D9-ACBD-B9079C9D333A}.Release|Any CPU.Build.0 = Release|Any CPU
	EndGlobalSection
	GlobalSection(SolutionProperties) = preSolution
		HideSolutionNode = FALSE
	EndGlobalSection
	GlobalSection(ExtensibilityGlobals) = postSolution
		SolutionGuid = {E317A228-DB60-4C39-9984-32B82F3D987E}
	EndGlobalSection
EndGlobal
